# platform: linux-64
# env_hash: 876b24700ae39cc935cd683d194c830a907d7456ba78e4460cac36c3f2cc1b6d
@EXPLICIT
https://conda.anaconda.org/conda-forge/linux-64/_libgcc_mutex-0.1-conda_forge.tar.bz2#d7c89558ba9fa0495403155b64376d81
https://conda.anaconda.org/conda-forge/noarch/_r-mutex-1.0.1-anacondar_1.tar.bz2#19f9db5f4f1b7f5ef5f6d67207f25f38
https://conda.anaconda.org/conda-forge/linux-64/ca-certificates-2021.5.30-ha878542_0.tar.bz2#6a777890e94194dc94a29a76d2a7e721
https://conda.anaconda.org/conda-forge/noarch/font-ttf-dejavu-sans-mono-2.37-hab24e00_0.tar.bz2#0c96522c6bdaed4b1566d11387caaf45
https://conda.anaconda.org/conda-forge/noarch/font-ttf-inconsolata-3.000-h77eed37_0.tar.bz2#34893075a5c9e55cdafac56607368fc6
https://conda.anaconda.org/conda-forge/noarch/font-ttf-source-code-pro-2.038-h77eed37_0.tar.bz2#4d59c254e01d9cde7957100457e2d5fb
https://conda.anaconda.org/conda-forge/noarch/font-ttf-ubuntu-0.83-hab24e00_0.tar.bz2#19410c3df09dfb12d1206132a1d357c5
https://conda.anaconda.org/conda-forge/noarch/kernel-headers_linux-64-2.6.32-h77966d4_13.tar.bz2#182b3bbe97ca334be3ccb50b80810bb1
https://conda.anaconda.org/conda-forge/linux-64/ld_impl_linux-64-2.35.1-hea4e1c9_2.tar.bz2#83610dba766a186bdc7a116053b782a4
https://conda.anaconda.org/conda-forge/linux-64/libgcc-devel_linux-64-9.3.0-h7864c58_19.tar.bz2#f2c8650b485eea7cee14d57fea5e26eb
https://conda.anaconda.org/conda-forge/linux-64/libgfortran5-9.3.0-hff62375_19.tar.bz2#c2d8da3cb171e4aa642d20c6e4e42a04
https://conda.anaconda.org/conda-forge/linux-64/libstdcxx-devel_linux-64-9.3.0-hb016644_19.tar.bz2#49bdf67aa8e199bef82cfd2c6eed0f93
https://conda.anaconda.org/conda-forge/linux-64/libstdcxx-ng-9.3.0-h6de172a_19.tar.bz2#cd9a24a8dde03ec0cf0e603b0bea85a1
https://conda.anaconda.org/conda-forge/linux-64/pandoc-2.14.0.2-h7f98852_0.tar.bz2#f5d45a9df49c200ad27231a753fe129f
https://conda.anaconda.org/conda-forge/noarch/fonts-conda-forge-1-0.tar.bz2#f766549260d6815b0c52253f1fb1bb29
https://conda.anaconda.org/conda-forge/linux-64/libgfortran-ng-9.3.0-hff62375_19.tar.bz2#aea379bd68fdcdf9499fa1453f852ac1
https://conda.anaconda.org/conda-forge/linux-64/libgomp-9.3.0-h2828fa1_19.tar.bz2#ab0a307912033126da02507b59e79ec9
https://conda.anaconda.org/conda-forge/noarch/sysroot_linux-64-2.12-h77966d4_13.tar.bz2#e411486a18c4f61c59083c5792c1ce3b
https://conda.anaconda.org/conda-forge/linux-64/_openmp_mutex-4.5-1_gnu.tar.bz2#561e277319a41d4f24f5c05a9ef63c04
https://conda.anaconda.org/conda-forge/linux-64/binutils_impl_linux-64-2.35.1-h193b22a_2.tar.bz2#4eac07f5d3b8514051e514f8d5d11264
https://conda.anaconda.org/conda-forge/noarch/fonts-conda-ecosystem-1-0.tar.bz2#fee5683a3f04bd15cbd8318b096a27ab
https://conda.anaconda.org/conda-forge/linux-64/binutils_linux-64-2.35-h67ddf6f_30.tar.bz2#99b3270216094c06bb0a96688035ded4
https://conda.anaconda.org/conda-forge/linux-64/libgcc-ng-9.3.0-h2828fa1_19.tar.bz2#9d5cdfc51476ee4dcdd96ed2dca3f943
https://conda.anaconda.org/conda-forge/linux-64/bzip2-1.0.8-h7f98852_4.tar.bz2#a1fd65c7ccbf10880423d82bca54eb54
https://conda.anaconda.org/conda-forge/linux-64/c-ares-1.17.1-h7f98852_1.tar.bz2#ed1dc233ed5e3eaa9bfbaac64d130c5e
https://conda.anaconda.org/conda-forge/linux-64/fribidi-1.0.10-h36c2ea0_0.tar.bz2#ac7bc6a654f8f41b352b38f4051135f8
https://conda.anaconda.org/conda-forge/linux-64/gcc_impl_linux-64-9.3.0-h70c0ae5_19.tar.bz2#0ec2d4e60527fb7c05c67f7dc3340ea0
https://conda.anaconda.org/conda-forge/linux-64/graphite2-1.3.13-h58526e2_1001.tar.bz2#8c54672728e8ec6aa6db90cf2806d220
https://conda.anaconda.org/conda-forge/linux-64/icu-68.1-h58526e2_0.tar.bz2#fc7a4271dc2a7f4fd78cd63695baf7c3
https://conda.anaconda.org/conda-forge/linux-64/jbig-2.1-h7f98852_2003.tar.bz2#1aa0cee79792fa97b7ff4545110b60bf
https://conda.anaconda.org/conda-forge/linux-64/jpeg-9d-h36c2ea0_0.tar.bz2#ea02ce6037dbe81803ae6123e5ba1568
https://conda.anaconda.org/conda-forge/linux-64/lerc-2.2.1-h9c3ff4c_0.tar.bz2#ea833dcaeb9e7ac4fac521f1a7abec82
https://conda.anaconda.org/conda-forge/linux-64/libdeflate-1.7-h7f98852_5.tar.bz2#10e242842cd30c59c12d79371dc0f583
https://conda.anaconda.org/conda-forge/linux-64/libev-4.33-h516909a_1.tar.bz2#6f8720dff19e17ce5d48cfe7f3d2f0a3
https://conda.anaconda.org/conda-forge/linux-64/libffi-3.3-h58526e2_2.tar.bz2#665369991d8dd290ac5ee92fce3e6bf5
https://conda.anaconda.org/conda-forge/linux-64/libiconv-1.16-h516909a_0.tar.bz2#5c0f338a513a2943c659ae619fca9211
https://conda.anaconda.org/conda-forge/linux-64/libopenblas-0.3.15-pthreads_h8fe5266_1.tar.bz2#bb5527a16584426a897f22643d9a36a6
https://conda.anaconda.org/conda-forge/linux-64/libuuid-2.32.1-h7f98852_1000.tar.bz2#772d69f030955d9646d3d0eaf21d859d
https://conda.anaconda.org/conda-forge/linux-64/libwebp-base-1.2.0-h7f98852_2.tar.bz2#fb63a035a3b552c88a30d84b89ebf4c4
https://conda.anaconda.org/conda-forge/linux-64/lz4-c-1.9.3-h9c3ff4c_0.tar.bz2#4eb64ee0d5cd43096ffcf843c76b05d4
https://conda.anaconda.org/conda-forge/linux-64/make-4.3-hd18ef5c_1.tar.bz2#4049ebfd3190b580dffe76daed26155a
https://conda.anaconda.org/conda-forge/linux-64/ncurses-6.2-h58526e2_4.tar.bz2#509f2a21c4a09214cd737a480dfd80c9
https://conda.anaconda.org/conda-forge/linux-64/openssl-1.1.1k-h7f98852_0.tar.bz2#07fae2cb088379c8441e0f3ffa1f4025
https://conda.anaconda.org/conda-forge/linux-64/pcre-8.45-h9c3ff4c_0.tar.bz2#c05d1820a6d34ff07aaaab7a9b7eddaa
https://conda.anaconda.org/conda-forge/linux-64/pixman-0.40.0-h36c2ea0_0.tar.bz2#660e72c82f2e75a6b3fe6a6e75c79f19
https://conda.anaconda.org/conda-forge/linux-64/pthread-stubs-0.4-h36c2ea0_1001.tar.bz2#22dad4df6e8630e8dff2428f6f6a7036
https://conda.anaconda.org/conda-forge/linux-64/sed-4.8-he412f7d_0.tar.bz2#7362f0042e95681f5d371c46c83ebd08
https://conda.anaconda.org/conda-forge/linux-64/xorg-kbproto-1.0.7-h7f98852_1002.tar.bz2#4b230e8381279d76131116660f5a241a
https://conda.anaconda.org/conda-forge/linux-64/xorg-libice-1.0.10-h7f98852_0.tar.bz2#d6b0b50b49eccfe0be0373be628be0f3
https://conda.anaconda.org/conda-forge/linux-64/xorg-libxau-1.0.9-h7f98852_0.tar.bz2#bf6f803a544f26ebbdc3bfff272eb179
https://conda.anaconda.org/conda-forge/linux-64/xorg-libxdmcp-1.1.3-h7f98852_0.tar.bz2#be93aabceefa2fac576e971aef407908
https://conda.anaconda.org/conda-forge/linux-64/xorg-renderproto-0.11.1-h7f98852_1002.tar.bz2#06feff3d2634e3097ce2fe681474b534
https://conda.anaconda.org/conda-forge/linux-64/xorg-xextproto-7.3.0-h7f98852_1002.tar.bz2#1e15f6ad85a7d743a2ac68dae6c82b98
https://conda.anaconda.org/conda-forge/linux-64/xorg-xproto-7.0.31-h7f98852_1007.tar.bz2#b4a4381d54784606820704f7b5f05a15
https://conda.anaconda.org/conda-forge/linux-64/xz-5.2.5-h516909a_1.tar.bz2#33f601066901f3e1a85af3522a8113f9
https://conda.anaconda.org/conda-forge/linux-64/zlib-1.2.11-h516909a_1010.tar.bz2#339cc5584e6d26bc73a875ba900028c3
https://conda.anaconda.org/conda-forge/linux-64/gcc_linux-64-9.3.0-hf25ea35_30.tar.bz2#08898db641edb79224abbda430dcb229
https://conda.anaconda.org/conda-forge/linux-64/gettext-0.19.8.1-h0b5b191_1005.tar.bz2#ff6f69b593a9e74c0e6b61908ac513fa
https://conda.anaconda.org/conda-forge/linux-64/gfortran_impl_linux-64-9.3.0-hc4a2995_19.tar.bz2#15e2477824fbeee958f77d6e183a945b
https://conda.anaconda.org/conda-forge/linux-64/gxx_impl_linux-64-9.3.0-hd87eabc_19.tar.bz2#ec7ae3c637727c83d55ba4aa3f3617ac
https://conda.anaconda.org/conda-forge/linux-64/libblas-3.9.0-9_openblas.tar.bz2#5f08755e98b2a43ca68124e629a5a0cb
https://conda.anaconda.org/conda-forge/linux-64/libedit-3.1.20191231-he28a2e2_2.tar.bz2#4d331e44109e3f0e19b4cb8f9b82f3e1
https://conda.anaconda.org/conda-forge/linux-64/libnghttp2-1.43.0-h812cca2_0.tar.bz2#1867d1e9658596b3fac8847a7702eef4
https://conda.anaconda.org/conda-forge/linux-64/libpng-1.6.37-h21135ba_2.tar.bz2#b6acf807307d033d4b7e758b4f44b036
https://conda.anaconda.org/conda-forge/linux-64/libssh2-1.9.0-ha56f1ee_6.tar.bz2#f0dfb86444df325e599dbc3f4c0a3f5b
https://conda.anaconda.org/conda-forge/linux-64/libxcb-1.13-h7f98852_1003.tar.bz2#a9371e9e40aded194dcba1447606c9a1
https://conda.anaconda.org/conda-forge/linux-64/libxml2-2.9.12-h72842e0_0.tar.bz2#bd14fdf5b9ee5568056a40a6a2f41866
https://conda.anaconda.org/conda-forge/linux-64/pcre2-10.36-h032f7d1_1.tar.bz2#ffc35300e65074a386aa151f135986b8
https://conda.anaconda.org/conda-forge/linux-64/readline-8.1-h46c0cb4_0.tar.bz2#5788de3c8d7a7d64ac56c784c4ef48e6
https://conda.anaconda.org/conda-forge/linux-64/tk-8.6.10-h21135ba_1.tar.bz2#c647f70aa7e3d4cc4e029cc1c9a99953
https://conda.anaconda.org/conda-forge/linux-64/xorg-libsm-1.2.3-hd9c2040_1000.tar.bz2#9e856f78d5c80d5a78f61e72d1d473a3
https://conda.anaconda.org/conda-forge/linux-64/zstd-1.5.0-ha95c52a_0.tar.bz2#b56f94865e2de36abf054e7bfa499034
https://conda.anaconda.org/conda-forge/linux-64/bwidget-1.9.14-ha770c72_0.tar.bz2#8e5a537ea36e426631695472f949e529
https://conda.anaconda.org/conda-forge/linux-64/freetype-2.10.4-h0708190_1.tar.bz2#4a06f2ac2e5bfae7b6b245171c3f07aa
https://conda.anaconda.org/conda-forge/linux-64/gfortran_linux-64-9.3.0-hdc58fab_30.tar.bz2#3fb2ed2e03b19a837829d8a6bb1b4517
https://conda.anaconda.org/conda-forge/linux-64/gxx_linux-64-9.3.0-h3fbe746_30.tar.bz2#30052cab230f3f5dffe0f35efeefacbe
https://conda.anaconda.org/conda-forge/linux-64/krb5-1.19.1-hcc1bbae_0.tar.bz2#59b0695a515a6c54d45463dbf208ae38
https://conda.anaconda.org/conda-forge/linux-64/libcblas-3.9.0-9_openblas.tar.bz2#edee85b4f83376ceae81e0975b8bffa2
https://conda.anaconda.org/conda-forge/linux-64/libglib-2.68.3-h3e27bee_0.tar.bz2#99416a3287216de097d503b827ad0bde
https://conda.anaconda.org/conda-forge/linux-64/liblapack-3.9.0-9_openblas.tar.bz2#572d84ab07962986f6dd8e4637a475ca
https://conda.anaconda.org/conda-forge/linux-64/libtiff-4.3.0-hf544144_1.tar.bz2#a65a4158716bd7d95bfa69bcfd83081c
https://conda.anaconda.org/conda-forge/linux-64/sqlite-3.35.5-h74cdb3f_0.tar.bz2#e876c82c21e7074d299e13762d02466c
https://conda.anaconda.org/conda-forge/linux-64/tktable-2.10-hb7b940f_3.tar.bz2#ea4d0879e40211fa26f38d8986db1bbe
https://conda.anaconda.org/conda-forge/linux-64/xorg-libx11-1.7.2-h7f98852_0.tar.bz2#12a61e640b8894504326aadafccbb790
https://conda.anaconda.org/conda-forge/linux-64/fontconfig-2.13.1-hba837de_1005.tar.bz2#fd3611672eb91bc9d24fd6fb970037eb
https://conda.anaconda.org/conda-forge/linux-64/gsl-2.6-he838d99_2.tar.bz2#d54a10784d331d7b13f8af19acf297b7
https://conda.anaconda.org/conda-forge/linux-64/libcurl-7.77.0-h2574ce0_0.tar.bz2#05cf8dca8408b5f1ffcc5e2d5a7c5da2
https://conda.anaconda.org/conda-forge/linux-64/python-3.8.10-h49503c6_1_cpython.tar.bz2#69f7d6ef1f00c3a109b1b06279e6d6a9
https://conda.anaconda.org/conda-forge/linux-64/xorg-libxext-1.3.4-h7f98852_1.tar.bz2#536cc5db4d0a3ba0630541aec064b5e4
https://conda.anaconda.org/conda-forge/linux-64/xorg-libxrender-0.9.10-h7f98852_1003.tar.bz2#f59c1242cc1dd93e72c2ee2b360979eb
https://conda.anaconda.org/conda-forge/linux-64/xorg-libxt-1.2.1-h7f98852_2.tar.bz2#60d6eec5273f1c9af096c10c268912e3
https://conda.anaconda.org/conda-forge/noarch/appdirs-1.4.4-pyh9f0ad1d_0.tar.bz2#5f095bc6454094e96f146491fd03633b
https://conda.anaconda.org/conda-forge/noarch/attrs-21.2.0-pyhd8ed1ab_0.tar.bz2#d2e1c7f388ac403df7079b411c37cc50
https://conda.anaconda.org/conda-forge/linux-64/cairo-1.16.0-h6cf1ce9_1008.tar.bz2#a43fb47d15e116f8be4be7e6b17ab59f
https://conda.anaconda.org/conda-forge/linux-64/curl-7.77.0-hea6ffbf_0.tar.bz2#7d1168349d6fba67ae1fdf61970b83e1
https://conda.anaconda.org/conda-forge/noarch/idna-2.10-pyh9f0ad1d_0.tar.bz2#f95a12b4f435aae6680fe55ae2eb1b06
https://conda.anaconda.org/conda-forge/noarch/pycparser-2.20-pyh9f0ad1d_2.tar.bz2#aa798d50ffd182a0f6f31478c7f434f6
https://conda.anaconda.org/conda-forge/linux-64/python_abi-3.8-1_cp38.tar.bz2#8d05152d6fb3012b27a0e6fbcc14bea1
https://conda.anaconda.org/conda-forge/noarch/pytz-2021.1-pyhd8ed1ab_0.tar.bz2#3af2e9424d5eb0063824a3f9b850d411
https://conda.anaconda.org/conda-forge/noarch/six-1.16.0-pyh6c4a22f_0.tar.bz2#e5f25f8dbc060e9a8d912e432202afc2
https://conda.anaconda.org/conda-forge/noarch/cattrs-1.7.1-pyhd8ed1ab_0.tar.bz2#7f8eddb222a5c33d516ff33f18b7fda0
https://conda.anaconda.org/conda-forge/linux-64/certifi-2021.5.30-py38h578d9bd_0.tar.bz2#a2e14464711f8e76010cd7e0c49bc4ae
https://conda.anaconda.org/conda-forge/linux-64/cffi-1.14.5-py38ha65f79e_0.tar.bz2#386057f231a571b75bfa7307c9acd5f6
https://conda.anaconda.org/conda-forge/linux-64/chardet-4.0.0-py38h578d9bd_1.tar.bz2#9294a5e2c7545a2f67ac348aadd53344
https://conda.anaconda.org/conda-forge/linux-64/click-8.0.1-py38h578d9bd_0.tar.bz2#45426acde32f0ddd94dcee3478fd13e3
https://conda.anaconda.org/conda-forge/linux-64/google-cloud-sdk-344.0.0-py38h578d9bd_0.tar.bz2#0d05267d75c384622eef1d2aecf8d35e
https://conda.anaconda.org/conda-forge/linux-64/harfbuzz-2.8.1-h83ec7ef_0.tar.bz2#654935b08e8bd4a8cbf6a4253e290c04
https://conda.anaconda.org/conda-forge/linux-64/markupsafe-2.0.1-py38h497a2fe_0.tar.bz2#d075babffd68330d81b0488a45435698
https://conda.anaconda.org/conda-forge/linux-64/numpy-1.20.3-py38h9894fe3_1.tar.bz2#a65d77d36ddfd5c58cdda67ba2ca06c3
https://conda.anaconda.org/conda-forge/linux-64/pysocks-1.7.1-py38h578d9bd_3.tar.bz2#8284bab4783fd6fdd11b695958945614
https://conda.anaconda.org/conda-forge/noarch/python-dateutil-2.8.1-py_0.tar.bz2#0d0150ed9c2d25817f5324108d3f7571
https://conda.anaconda.org/conda-forge/linux-64/brotlipy-0.7.0-py38h497a2fe_1001.tar.bz2#56753dd777a6517b34966ddcb39af734
https://conda.anaconda.org/conda-forge/linux-64/cryptography-3.4.7-py38ha5dfef3_0.tar.bz2#a8b014aba670157256dabdc885f71af4
https://conda.anaconda.org/conda-forge/noarch/jinja2-3.0.1-pyhd8ed1ab_0.tar.bz2#c647e77921fd3e245cdcc5b2d451a0f8
https://conda.anaconda.org/conda-forge/linux-64/pandas-1.2.4-py38h1abd341_0.tar.bz2#91150ede50b13d34a03e9ef51b7b379f
https://conda.anaconda.org/conda-forge/linux-64/pango-1.48.5-hb8ff022_0.tar.bz2#f4e263c4dfa15b6a97349782793d1ee7
https://conda.anaconda.org/conda-forge/noarch/pyopenssl-20.0.1-pyhd8ed1ab_0.tar.bz2#92371c25994d0f5d28a01c1fb75ebf86
https://conda.anaconda.org/conda-forge/linux-64/r-base-4.0.5-h9e01966_1.tar.bz2#3569481b43da65ddda5bd796f0f8eb27
https://conda.anaconda.org/conda-forge/noarch/r-assertthat-0.2.1-r40hc72bb7e_2.tar.bz2#e519b7dcfb53ee9f9d8e20e52d9c29db
https://conda.anaconda.org/conda-forge/linux-64/r-backports-1.2.1-r40hcfec24a_0.tar.bz2#4514e81ef55bdd2e7218de60a634ca0d
https://conda.anaconda.org/conda-forge/linux-64/r-base64enc-0.1_3-r40hcfec24a_1004.tar.bz2#62904a3ed898b8adf7b354918f9f1b5f
https://conda.anaconda.org/conda-forge/noarch/r-boot-1.3_28-r40hc72bb7e_0.tar.bz2#87f68851152529195220366e6dcf5395
https://conda.anaconda.org/conda-forge/linux-64/r-brio-1.1.2-r40hcfec24a_0.tar.bz2#95b9ef836c9bfda6e027e550ec392c2b
https://conda.anaconda.org/conda-forge/linux-64/r-cluster-2.1.2-r40h859d828_0.tar.bz2#fbe28d28d543a3e2f455642dd69fbdc3
https://conda.anaconda.org/conda-forge/noarch/r-codetools-0.2_18-r40hc72bb7e_0.tar.bz2#5b37e8e3168246703a5326f525ea6122
https://conda.anaconda.org/conda-forge/linux-64/r-colorspace-2.0_1-r40hcfec24a_0.tar.bz2#748a9d452bcedcef7d9b9a460c7e6ce7
https://conda.anaconda.org/conda-forge/noarch/r-crayon-1.4.1-r40hc72bb7e_0.tar.bz2#4dd2f68e64f7549a1d15c5071491dd2c
https://conda.anaconda.org/conda-forge/linux-64/r-digest-0.6.27-r40h03ef668_0.tar.bz2#b920df6e2b99cf8e724e870cb05c5d22
https://conda.anaconda.org/conda-forge/noarch/r-evaluate-0.14-r40hc72bb7e_2.tar.bz2#6edad70e941160aef36174ea4ce8ef83
https://conda.anaconda.org/conda-forge/linux-64/r-fansi-0.5.0-r40hcfec24a_0.tar.bz2#4d47821b6fc38abc8d5ca3205dc9f1f7
https://conda.anaconda.org/conda-forge/linux-64/r-farver-2.1.0-r40h03ef668_0.tar.bz2#32ec818bae2aab5e54e3c9b2103c5e3e
https://conda.anaconda.org/conda-forge/linux-64/r-foreign-0.8_81-r40hcfec24a_0.tar.bz2#38556e2bc71a9e22f8d3169f28d71fda
https://conda.anaconda.org/conda-forge/noarch/r-generics-0.1.0-r40hc72bb7e_0.tar.bz2#71d0bbffe14cacebd892bc05f620bfd3
https://conda.anaconda.org/conda-forge/linux-64/r-glue-1.4.2-r40hcfec24a_0.tar.bz2#229d0b22dfd4de79353f6b9b4404901d
https://conda.anaconda.org/conda-forge/noarch/r-gtable-0.3.0-r40hc72bb7e_3.tar.bz2#f23c4e251b5e534a6696cb66ed680152
https://conda.anaconda.org/conda-forge/linux-64/r-jsonlite-1.7.2-r40hcfec24a_0.tar.bz2#c84cd1292cb1ce12b0ed6511c8ebce4e
https://conda.anaconda.org/conda-forge/linux-64/r-kernsmooth-2.23_20-r40h742201e_0.tar.bz2#de97f83dc4a4668b161dec5a2f4d76a2
https://conda.anaconda.org/conda-forge/noarch/r-labeling-0.4.2-r40hc72bb7e_0.tar.bz2#de75464b7a12617971e7abe9ff3f464d
https://conda.anaconda.org/conda-forge/linux-64/r-lattice-0.20_44-r40hcfec24a_0.tar.bz2#cc2793f2b4a4ade250c3c791f2e8c560
https://conda.anaconda.org/conda-forge/linux-64/r-magrittr-2.0.1-r40hcfec24a_1.tar.bz2#f2e04ccaa2a034b2fc88f5b4d5ad57b3
https://conda.anaconda.org/conda-forge/linux-64/r-mass-7.3_54-r40hcfec24a_0.tar.bz2#b4c097fca72cace1a66005b3dbadbcde
https://conda.anaconda.org/conda-forge/linux-64/r-mime-0.10-r40hcfec24a_0.tar.bz2#3e48b3bc75ceb801efcecc6cf6b12192
https://conda.anaconda.org/conda-forge/noarch/r-pkgconfig-2.0.3-r40hc72bb7e_1.tar.bz2#499546ec45e1969e44382156255ed426
https://conda.anaconda.org/conda-forge/noarch/r-praise-1.0.0-r40hc72bb7e_1004.tar.bz2#6f6fcbccf99aafdb7cda1ca30c2f7ec1
https://conda.anaconda.org/conda-forge/linux-64/r-ps-1.6.0-r40hcfec24a_0.tar.bz2#ef58da7c3d92bca24ca0dbe18d698a0f
https://conda.anaconda.org/conda-forge/noarch/r-r6-2.5.0-r40hc72bb7e_0.tar.bz2#9423fce3d514a4297abf35e2329420c0
https://conda.anaconda.org/conda-forge/noarch/r-rcolorbrewer-1.1_2-r40h785f33e_1003.tar.bz2#2b398e19afb660efa893f3fe9a75bb6c
https://conda.anaconda.org/conda-forge/linux-64/r-rcpp-1.0.6-r40h03ef668_0.tar.bz2#4abf4196c2c497a3e1e284863392d48b
https://conda.anaconda.org/conda-forge/linux-64/r-rlang-0.4.11-r40hcfec24a_0.tar.bz2#4c0eb99053d6ce96c19e07c7b025e8ff
https://conda.anaconda.org/conda-forge/linux-64/r-rpart-4.1_15-r40hcfec24a_2.tar.bz2#3bd33299267ed0c96b4d0f301452c365
https://conda.anaconda.org/conda-forge/noarch/r-rstudioapi-0.13-r40hc72bb7e_0.tar.bz2#f4c5e1059bb434d7dfcd4e057ddbe900
https://conda.anaconda.org/conda-forge/linux-64/r-spatial-7.3_14-r40hcfec24a_0.tar.bz2#60fd874982668839bb7ebd6246f0fcdb
https://conda.anaconda.org/conda-forge/linux-64/r-stringi-1.6.2-r40hcabe038_0.tar.bz2#2b7edf911fc3e2162559bbcdd7df5f5c
https://conda.anaconda.org/conda-forge/linux-64/r-utf8-1.2.1-r40hcfec24a_0.tar.bz2#3d45bbd22ad05aedf829f59872ddeebb
https://conda.anaconda.org/conda-forge/noarch/r-viridislite-0.4.0-r40hc72bb7e_0.tar.bz2#f95671074c614ce2042b881ba7ff628f
https://conda.anaconda.org/conda-forge/noarch/r-withr-2.4.2-r40hc72bb7e_0.tar.bz2#61bc3ee9e57fc8e8d47c62db9bfc7d9c
https://conda.anaconda.org/conda-forge/linux-64/r-xfun-0.24-r40h03ef668_0.tar.bz2#1fd75d25fb19c06513a9329c114057f9
https://conda.anaconda.org/conda-forge/linux-64/r-yaml-2.2.1-r40hcfec24a_1.tar.bz2#fc4e68d7201e728066bdf470ca42a007
https://conda.anaconda.org/conda-forge/noarch/urllib3-1.26.5-pyhd8ed1ab_0.tar.bz2#36f0ca66d6dd09423e5c2551148d45cd
https://conda.anaconda.org/conda-forge/linux-64/r-class-7.3_19-r40hcfec24a_0.tar.bz2#6298af638053f6db80114c264f88439c
https://conda.anaconda.org/conda-forge/noarch/r-cli-2.5.0-r40hc72bb7e_0.tar.bz2#26e6f24f5406675abe42d02a995b7f2f
https://conda.anaconda.org/conda-forge/linux-64/r-diffobj-0.3.4-r40hcfec24a_0.tar.bz2#49bc1054007028dacec5c1f82c8a9486
https://conda.anaconda.org/conda-forge/linux-64/r-ellipsis-0.3.2-r40hcfec24a_0.tar.bz2#8b10060e0f04de1561569d8d790b03d3
https://conda.anaconda.org/conda-forge/noarch/r-highr-0.9-r40hc72bb7e_0.tar.bz2#cc554d59d385703713a1d9954099a8c0
https://conda.anaconda.org/conda-forge/linux-64/r-htmltools-0.5.1.1-r40h03ef668_0.tar.bz2#8431d2081ab8550a7818e7fc7b503406
https://conda.anaconda.org/conda-forge/noarch/r-lifecycle-1.0.0-r40hc72bb7e_0.tar.bz2#4673dedd096e7b71b6a8fa4734ba3018
https://conda.anaconda.org/conda-forge/linux-64/r-markdown-1.1-r40hcfec24a_1.tar.bz2#c0ac6b833cca26384227995677516f1c
https://conda.anaconda.org/conda-forge/linux-64/r-matrix-1.3_4-r40he454529_0.tar.bz2#4466127bc07c7c2d410360651be6c095
https://conda.anaconda.org/conda-forge/noarch/r-munsell-0.5.0-r40hc72bb7e_1003.tar.bz2#e639f4a268f2b574fb84df42bb00954c
https://conda.anaconda.org/conda-forge/linux-64/r-nlme-3.1_152-r40h859d828_0.tar.bz2#19f857b4d265a25fd49f55220e1ec45b
https://conda.anaconda.org/conda-forge/linux-64/r-nnet-7.3_16-r40hcfec24a_0.tar.bz2#70c423ab0cd0e4c5a3af0a16fcb067a8
https://conda.anaconda.org/conda-forge/linux-64/r-processx-3.5.2-r40hcfec24a_0.tar.bz2#06ab5b835033238cb6eb00ce08525944
https://conda.anaconda.org/conda-forge/linux-64/r-purrr-0.3.4-r40hcfec24a_1.tar.bz2#54ed37a8a624a41215a0a872b024d2ae
https://conda.anaconda.org/conda-forge/noarch/r-rprojroot-2.0.2-r40hc72bb7e_0.tar.bz2#2d5da320e9225413edee9c5d32cf3540
https://conda.anaconda.org/conda-forge/noarch/r-stringr-1.4.0-r40hc72bb7e_2.tar.bz2#ccd778edca63a9a0213d8d1fbeddb02d
https://conda.anaconda.org/conda-forge/noarch/r-tinytex-0.32-r40hc72bb7e_0.tar.bz2#35b4331a325b21cb8b70645bc79f153b
https://conda.anaconda.org/conda-forge/noarch/requests-2.25.1-pyhd3deb0d_0.tar.bz2#ae687aba31a1c400192a86a2e993ffdc
https://conda.anaconda.org/conda-forge/noarch/r-callr-3.7.0-r40hc72bb7e_0.tar.bz2#709b80b687efb9e898f96c8ff97b9ea3
https://conda.anaconda.org/conda-forge/noarch/r-desc-1.3.0-r40hc72bb7e_0.tar.bz2#e52a567740f3979bd4b7b2c2dc2f7e52
https://conda.anaconda.org/conda-forge/noarch/r-knitr-1.33-r40hc72bb7e_0.tar.bz2#0cf491b0efffc8e8a920c8432e2933b6
https://conda.anaconda.org/conda-forge/linux-64/r-mgcv-1.8_36-r40he454529_0.tar.bz2#98f50cb7050fe6021bd07ef473bc58ce
https://conda.anaconda.org/conda-forge/noarch/r-scales-1.1.1-r40hc72bb7e_0.tar.bz2#b8aeb5ba860d6add7207b305aa2eeb0d
https://conda.anaconda.org/conda-forge/linux-64/r-survival-3.2_11-r40hcfec24a_0.tar.bz2#327374351b4ecc41319629e402575dcb
https://conda.anaconda.org/conda-forge/linux-64/r-vctrs-0.3.8-r40hcfec24a_1.tar.bz2#3da550ce354125d40dc38cdf99123a79
https://conda.anaconda.org/conda-forge/noarch/r-pillar-1.6.1-r40hc72bb7e_0.tar.bz2#50d0e64e4f95477041f6fc79d0b90d03
https://conda.anaconda.org/conda-forge/linux-64/r-pkgload-1.2.1-r40h03ef668_0.tar.bz2#2768e25027e69d34b0a049ff4b8d1a57
https://conda.anaconda.org/conda-forge/noarch/r-recommended-4.0-r40hd8ed1ab_1004.tar.bz2#31ff637223ddb8258052c17278357ce0
https://conda.anaconda.org/conda-forge/noarch/r-rmarkdown-2.9-r40hc72bb7e_0.tar.bz2#ed318d9c2334e00deeec1cc148a32f79
https://conda.anaconda.org/conda-forge/linux-64/r-tidyselect-1.1.1-r40hc72bb7e_0.tar.bz2#0c31143f539e254e9d4b4981ef92b73c
https://conda.anaconda.org/conda-forge/noarch/r-4.0-r40hd8ed1ab_1004.tar.bz2#652b77c50c2986cf2c869da78371ba01
https://conda.anaconda.org/conda-forge/linux-64/r-tibble-3.1.2-r40hcfec24a_0.tar.bz2#fa3fe4687ae48a3f5dcb74844dd1fff4
https://conda.anaconda.org/conda-forge/linux-64/r-dplyr-1.0.6-r40h03ef668_1.tar.bz2#b7bb1da93adc151493e62ff8816c747b
https://conda.anaconda.org/conda-forge/noarch/r-rematch2-2.1.2-r40hc72bb7e_1.tar.bz2#0c889ae7253c2c4cf6a5b484d871490f
https://conda.anaconda.org/conda-forge/noarch/r-waldo-0.2.5-r40hc72bb7e_0.tar.bz2#cc62de67746d2456223451a8cb77c23c
https://conda.anaconda.org/conda-forge/linux-64/r-testthat-3.0.2-r40h03ef668_0.tar.bz2#ce26c2975098ef713f6ad565aad76653
https://conda.anaconda.org/conda-forge/linux-64/r-isoband-0.2.4-r40h03ef668_0.tar.bz2#5641ed65daa2f43c3391886355e9a9e0
https://conda.anaconda.org/conda-forge/noarch/r-ggplot2-3.3.3-r40hc72bb7e_0.tar.bz2#8e9b185fb4ee95ac393681241052f853
